
Microsoft Visual Studio Solution File, Format Version 12.00
# Visual Studio Version 16
VisualStudioVersion = 16.0.32510.428
MinimumVisualStudioVersion = 10.0.40219.1
Project("{9A19103F-16F7-4668-BE54-9A1E7A4F7556}") = "Resteurant_API", "Resteurant_API\Resteurant_API.csproj", "{AE235BC9-C5C5-4BF4-81B9-FC30C33D8305}"
EndProject
Global
	GlobalSection(SolutionConfigurationPlatforms) = preSolution
		Debug|Any CPU = Debug|Any CPU
		Release|Any CPU = Release|Any CPU
	EndGlobalSection
	GlobalSection(ProjectConfigurationPlatforms) = postSolution
		{AE235BC9-C5C5-4BF4-81B9-FC30C33D8305}.Debug|Any CPU.ActiveCfg = Debug|Any CPU
		{AE235BC9-C5C5-4BF4-81B9-FC30C33D8305}.Debug|Any CPU.Build.0 = Debug|Any CPU
		{AE235BC9-C5C5-4BF4-81B9-FC30C33D8305}.Release|Any CPU.ActiveCfg = Release|Any CPU
		{AE235BC9-C5C5-4BF4-81B9-FC30C33D8305}.Release|Any CPU.Build.0 = Release|Any CPU
	EndGlobalSection
	GlobalSection(SolutionProperties) = preSolution
		HideSolutionNode = FALSE
	EndGlobalSection
	GlobalSection(ExtensibilityGlobals) = postSolution
		SolutionGuid = {A36E9C42-046D-4AF8-AD48-97DB22D83B43}
	EndGlobalSection
EndGlobal
